// !$*UTF8*$!
{
	archiveVersion = 1;
	classes = {
	};
	objectVersion = 46;
	objects = {

/* Begin PBXBuildFile section */
		4A7DB79A20BDA9C6008876CB /* RNContactsPicker.h in CopyFiles */ = {isa = PBXBuildFile; fileRef = B3E7B5881CC2AC0600A0062D /* RNContactsPicker.h */; };
		4A87A29A20D3BC1F00038298 /* RNContactsDelegate.m in Sources */ = {isa = PBXBuildFile; fileRef = 4A87A29920D3BC1F00038298 /* RNContactsDelegate.m */; };
		4A87A29D20D3BD3E00038298 /* RNContactsUtil.m in Sources */ = {isa = PBXBuildFile; fileRef = 4A87A29C20D3BD3E00038298 /* RNContactsUtil.m */; };
		4A87A2A120D3C7CC00038298 /* RNContactsDelegateContactSingle.m in Sources */ = {isa = PBXBuildFile; fileRef = 4A87A2A020D3C7CC00038298 /* RNContactsDelegateContactSingle.m */; };
		4A87A2A420D3D45B00038298 /* RNContactsDelegateContactMulti.m in Sources */ = {isa = PBXBuildFile; fileRef = 4A87A2A320D3D45B00038298 /* RNContactsDelegateContactMulti.m */; };
		4A87A2A720D3D61400038298 /* RNContactsDelegatePropertySingle.m in Sources */ = {isa = PBXBuildFile; fileRef = 4A87A2A620D3D61400038298 /* RNContactsDelegatePropertySingle.m */; };
		4A87A2AA20D3D62400038298 /* RNContactsDelegatePropertyMulti.m in Sources */ = {isa = PBXBuildFile; fileRef = 4A87A2A920D3D62400038298 /* RNContactsDelegatePropertyMulti.m */; };
		B3E7B58A1CC2AC0600A0062D /* RNContactsPicker.m in Sources */ = {isa = PBXBuildFile; fileRef = B3E7B5891CC2AC0600A0062D /* RNContactsPicker.m */; };
/* End PBXBuildFile section */

/* Begin PBXCopyFilesBuildPhase section */
		58B511D91A9E6C8500147676 /* CopyFiles */ = {
			isa = PBXCopyFilesBuildPhase;
			buildActionMask = 2147483647;
			dstPath = "include/$(PRODUCT_NAME)";
			dstSubfolderSpec = 16;
			files = (
				4A7DB79A20BDA9C6008876CB /* RNContactsPicker.h in CopyFiles */,
			);
			runOnlyForDeploymentPostprocessing = 0;
		};
/* End PBXCopyFilesBuildPhase section */

/* Begin PBXFileReference section */
		134814201AA4EA6300B7C361 /* libRNContactsPicker.a */ = {isa = PBXFileReference; explicitFileType = archive.ar; includeInIndex = 0; path = libRNContactsPicker.a; sourceTree = BUILT_PRODUCTS_DIR; };
		4A87A29820D3BC1F00038298 /* RNContactsDelegate.h */ = {isa = PBXFileReference; lastKnownFileType = sourcecode.c.h; path = RNContactsDelegate.h; sourceTree = "<group>"; };
		4A87A29920D3BC1F00038298 /* RNContactsDelegate.m */ = {isa = PBXFileReference; lastKnownFileType = sourcecode.c.objc; path = RNContactsDelegate.m; sourceTree = "<group>"; };
		4A87A29B20D3BD3E00038298 /* RNContactsUtil.h */ = {isa = PBXFileReference; lastKnownFileType = sourcecode.c.h; path = RNContactsUtil.h; sourceTree = "<group>"; };
		4A87A29C20D3BD3E00038298 /* RNContactsUtil.m */ = {isa = PBXFileReference; lastKnownFileType = sourcecode.c.objc; path = RNContactsUtil.m; sourceTree = "<group>"; };
		4A87A29F20D3C7CC00038298 /* RNContactsDelegateContactSingle.h */ = {isa = PBXFileReference; lastKnownFileType = sourcecode.c.h; path = RNContactsDelegateContactSingle.h; sourceTree = "<group>"; };
		4A87A2A020D3C7CC00038298 /* RNContactsDelegateContactSingle.m */ = {isa = PBXFileReference; lastKnownFileType = sourcecode.c.objc; path = RNContactsDelegateContactSingle.m; sourceTree = "<group>"; };
		4A87A2A220D3D45B00038298 /* RNContactsDelegateContactMulti.h */ = {isa = PBXFileReference; lastKnownFileType = sourcecode.c.h; path = RNContactsDelegateContactMulti.h; sourceTree = "<group>"; };
		4A87A2A320D3D45B00038298 /* RNContactsDelegateContactMulti.m */ = {isa = PBXFileReference; lastKnownFileType = sourcecode.c.objc; path = RNContactsDelegateContactMulti.m; sourceTree = "<group>"; };
		4A87A2A520D3D61400038298 /* RNContactsDelegatePropertySingle.h */ = {isa = PBXFileReference; lastKnownFileType = sourcecode.c.h; path = RNContactsDelegatePropertySingle.h; sourceTree = "<group>"; };
		4A87A2A620D3D61400038298 /* RNContactsDelegatePropertySingle.m */ = {isa = PBXFileReference; lastKnownFileType = sourcecode.c.objc; path = RNContactsDelegatePropertySingle.m; sourceTree = "<group>"; };
		4A87A2A820D3D62400038298 /* RNContactsDelegatePropertyMulti.h */ = {isa = PBXFileReference; lastKnownFileType = sourcecode.c.h; path = RNContactsDelegatePropertyMulti.h; sourceTree = "<group>"; };
		4A87A2A920D3D62400038298 /* RNContactsDelegatePropertyMulti.m */ = {isa = PBXFileReference; lastKnownFileType = sourcecode.c.objc; path = RNContactsDelegatePropertyMulti.m; sourceTree = "<group>"; };
		B3E7B5881CC2AC0600A0062D /* RNContactsPicker.h */ = {isa = PBXFileReference; fileEncoding = 4; lastKnownFileType = sourcecode.c.h; path = RNContactsPicker.h; sourceTree = "<group>"; };
		B3E7B5891CC2AC0600A0062D /* RNContactsPicker.m */ = {isa = PBXFileReference; fileEncoding = 4; lastKnownFileType = sourcecode.c.objc; path = RNContactsPicker.m; sourceTree = "<group>"; };
/* End PBXFileReference section */

/* Begin PBXFrameworksBuildPhase section */
		58B511D81A9E6C8500147676 /* Frameworks */ = {
			isa = PBXFrameworksBuildPhase;
			buildActionMask = 2147483647;
			files = (
			);
			runOnlyForDeploymentPostprocessing = 0;
		};
/* End PBXFrameworksBuildPhase section */

/* Begin PBXGroup section */
		134814211AA4EA7D00B7C361 /* Products */ = {
			isa = PBXGroup;
			children = (
				134814201AA4EA6300B7C361 /* libRNContactsPicker.a */,
			);
			name = Products;
			sourceTree = "<group>";
		};
		4A713AE120B96179009DCDEF /* RNContactsPicker */ = {
			isa = PBXGroup;
			children = (
				B3E7B5881CC2AC0600A0062D /* RNContactsPicker.h */,
				B3E7B5891CC2AC0600A0062D /* RNContactsPicker.m */,
				4A87A29820D3BC1F00038298 /* RNContactsDelegate.h */,
				4A87A29920D3BC1F00038298 /* RNContactsDelegate.m */,
				4A87A29B20D3BD3E00038298 /* RNContactsUtil.h */,
				4A87A29C20D3BD3E00038298 /* RNContactsUtil.m */,
				4A87A29F20D3C7CC00038298 /* RNContactsDelegateContactSingle.h */,
				4A87A2A020D3C7CC00038298 /* RNContactsDelegateContactSingle.m */,
				4A87A2A220D3D45B00038298 /* RNContactsDelegateContactMulti.h */,
				4A87A2A320D3D45B00038298 /* RNContactsDelegateContactMulti.m */,
				4A87A2A520D3D61400038298 /* RNContactsDelegatePropertySingle.h */,
				4A87A2A620D3D61400038298 /* RNContactsDelegatePropertySingle.m */,
				4A87A2A820D3D62400038298 /* RNContactsDelegatePropertyMulti.h */,
				4A87A2A920D3D62400038298 /* RNContactsDelegatePropertyMulti.m */,
			);
			path = RNContactsPicker;
			sourceTree = "<group>";
		};
		58B511D21A9E6C8500147676 = {
			isa = PBXGroup;
			children = (
				4A713AE120B96179009DCDEF /* RNContactsPicker */,
				134814211AA4EA7D00B7C361 /* Products */,
			);
			sourceTree = "<group>";
		};
/* End PBXGroup section */

/* Begin PBXNativeTarget section */
		58B511DA1A9E6C8500147676 /* RNContactsPicker */ = {
			isa = PBXNativeTarget;
			buildConfigurationList = 58B511EF1A9E6C8500147676 /* Build configuration list for PBXNativeTarget "RNContactsPicker" */;
			buildPhases = (
				58B511D71A9E6C8500147676 /* Sources */,
				58B511D81A9E6C8500147676 /* Frameworks */,
				58B511D91A9E6C8500147676 /* CopyFiles */,
			);
			buildRules = (
			);
			dependencies = (
			);
			name = RNContactsPicker;
			productName = RCTDataManager;
			productReference = 134814201AA4EA6300B7C361 /* libRNContactsPicker.a */;
			productType = "com.apple.product-type.library.static";
		};
/* End PBXNativeTarget section */

/* Begin PBXProject section */
		58B511D31A9E6C8500147676 /* Project object */ = {
			isa = PBXProject;
			attributes = {
				LastUpgradeCheck = 0930;
				ORGANIZATIONNAME = Facebook;
				TargetAttributes = {
					58B511DA1A9E6C8500147676 = {
						CreatedOnToolsVersion = 6.1.1;
					};
				};
			};
			buildConfigurationList = 58B511D61A9E6C8500147676 /* Build configuration list for PBXProject "RNContactsPicker" */;
			compatibilityVersion = "Xcode 3.2";
			developmentRegion = English;
			hasScannedForEncodings = 0;
			knownRegions = (
				en,
			);
			mainGroup = 58B511D21A9E6C8500147676;
			productRefGroup = 58B511D21A9E6C8500147676;
			projectDirPath = "";
			projectRoot = "";
			targets = (
				58B511DA1A9E6C8500147676 /* RNContactsPicker */,
			);
		};
/* End PBXProject section */

/* Begin PBXSourcesBuildPhase section */
		58B511D71A9E6C8500147676 /* Sources */ = {
			isa = PBXSourcesBuildPhase;
			buildActionMask = 2147483647;
			files = (
				4A87A2A420D3D45B00038298 /* RNContactsDelegateContactMulti.m in Sources */,
				4A87A2A720D3D61400038298 /* RNContactsDelegatePropertySingle.m in Sources */,
				4A87A2AA20D3D62400038298 /* RNContactsDelegatePropertyMulti.m in Sources */,
				4A87A2A120D3C7CC00038298 /* RNContactsDelegateContactSingle.m in Sources */,
				B3E7B58A1CC2AC0600A0062D /* RNContactsPicker.m in Sources */,
				4A87A29A20D3BC1F00038298 /* RNContactsDelegate.m in Sources */,
				4A87A29D20D3BD3E00038298 /* RNContactsUtil.m in Sources */,
			);
			runOnlyForDeploymentPostprocessing = 0;
		};
/* End PBXSourcesBuildPhase section */

/* Begin XCBuildConfiguration section */
		58B511ED1A9E6C8500147676 /* Debug */ = {
			isa = XCBuildConfiguration;
			buildSettings = {
				ALWAYS_SEARCH_USER_PATHS = NO;
				CLANG_CXX_LANGUAGE_STANDARD = "gnu++0x";
				CLANG_CXX_LIBRARY = "libc++";
				CLANG_ENABLE_MODULES = YES;
				CLANG_ENABLE_OBJC_ARC = YES;
				CLANG_WARN_BLOCK_CAPTURE_AUTORELEASING = YES;
				CLANG_WARN_BOOL_CONVERSION = YES;
				CLANG_WARN_COMMA = YES;
				CLANG_WARN_CONSTANT_CONVERSION = YES;
				CLANG_WARN_DEPRECATED_OBJC_IMPLEMENTATIONS = YES;
				CLANG_WARN_DIRECT_OBJC_ISA_USAGE = YES_ERROR;
				CLANG_WARN_EMPTY_BODY = YES;
				CLANG_WARN_ENUM_CONVERSION = YES;
				CLANG_WARN_INFINITE_RECURSION = YES;
				CLANG_WARN_INT_CONVERSION = YES;
				CLANG_WARN_NON_LITERAL_NULL_CONVERSION = YES;
				CLANG_WARN_OBJC_IMPLICIT_RETAIN_SELF = YES;
				CLANG_WARN_OBJC_LITERAL_CONVERSION = YES;
				CLANG_WARN_OBJC_ROOT_CLASS = YES_ERROR;
				CLANG_WARN_RANGE_LOOP_ANALYSIS = YES;
				CLANG_WARN_STRICT_PROTOTYPES = YES;
				CLANG_WARN_SUSPICIOUS_MOVE = YES;
				CLANG_WARN_UNREACHABLE_CODE = YES;
				CLANG_WARN__DUPLICATE_METHOD_MATCH = YES;
				COPY_PHASE_STRIP = NO;
				ENABLE_STRICT_OBJC_MSGSEND = YES;
				ENABLE_TESTABILITY = YES;
				GCC_C_LANGUAGE_STANDARD = gnu99;
				GCC_DYNAMIC_NO_PIC = NO;
				GCC_NO_COMMON_BLOCKS = YES;
				GCC_OPTIMIZATION_LEVEL = 0;
				GCC_PREPROCESSOR_DEFINITIONS = (
					"DEBUG=1",
					"$(inherited)",
				);
				GCC_SYMBOLS_PRIVATE_EXTERN = NO;
				GCC_WARN_64_TO_32_BIT_CONVERSION = YES;
				GCC_WARN_ABOUT_RETURN_TYPE = YES_ERROR;
				GCC_WARN_UNDECLARED_SELECTOR = YES;
				GCC_WARN_UNINITIALIZED_AUTOS = YES_AGGRESSIVE;
				GCC_WARN_UNUSED_FUNCTION = YES;
				GCC_WARN_UNUSED_VARIABLE = YES;
				IPHONEOS_DEPLOYMENT_TARGET = 8.0;
				MTL_ENABLE_DEBUG_INFO = YES;
				ONLY_ACTIVE_ARCH = YES;
				SDKROOT = iphoneos;
			};
			name = Debug;
		};
		58B511EE1A9E6C8500147676 /* Release */ = {
			isa = XCBuildConfiguration;
			buildSettings = {
				ALWAYS_SEARCH_USER_PATHS = NO;
				CLANG_CXX_LANGUAGE_STANDARD = "gnu++0x";
				CLANG_CXX_LIBRARY = "libc++";
				CLANG_ENABLE_MODULES = YES;
				CLANG_ENABLE_OBJC_ARC = YES;
				CLANG_WARN_BLOCK_CAPTURE_AUTORELEASING = YES;
				CLANG_WARN_BOOL_CONVERSION = YES;
				CLANG_WARN_COMMA = YES;
				CLANG_WARN_CONSTANT_CONVERSION = YES;
				CLANG_WARN_DEPRECATED_OBJC_IMPLEMENTATIONS = YES;
				CLANG_WARN_DIRECT_OBJC_ISA_USAGE = YES_ERROR;
				CLANG_WARN_EMPTY_BODY = YES;
				CLANG_WARN_ENUM_CONVERSION = YES;
				CLANG_WARN_INFINITE_RECURSION = YES;
				CLANG_WARN_INT_CONVERSION = YES;
				CLANG_WARN_NON_LITERAL_NULL_CONVERSION = YES;
				CLANG_WARN_OBJC_IMPLICIT_RETAIN_SELF = YES;
				CLANG_WARN_OBJC_LITERAL_CONVERSION = YES;
				CLANG_WARN_OBJC_ROOT_CLASS = YES_ERROR;
				CLANG_WARN_RANGE_LOOP_ANALYSIS = YES;
				CLANG_WARN_STRICT_PROTOTYPES = YES;
				CLANG_WARN_SUSPICIOUS_MOVE = YES;
				CLANG_WARN_UNREACHABLE_CODE = YES;
				CLANG_WARN__DUPLICATE_METHOD_MATCH = YES;
				COPY_PHASE_STRIP = YES;
				ENABLE_NS_ASSERTIONS = NO;
				ENABLE_STRICT_OBJC_MSGSEND = YES;
				GCC_C_LANGUAGE_STANDARD = gnu99;
				GCC_NO_COMMON_BLOCKS = YES;
				GCC_WARN_64_TO_32_BIT_CONVERSION = YES;
				GCC_WARN_ABOUT_RETURN_TYPE = YES_ERROR;
				GCC_WARN_UNDECLARED_SELECTOR = YES;
				GCC_WARN_UNINITIALIZED_AUTOS = YES_AGGRESSIVE;
				GCC_WARN_UNUSED_FUNCTION = YES;
				GCC_WARN_UNUSED_VARIABLE = YES;
				IPHONEOS_DEPLOYMENT_TARGET = 8.0;
				MTL_ENABLE_DEBUG_INFO = NO;
				SDKROOT = iphoneos;
				VALIDATE_PRODUCT = YES;
			};
			name = Release;
		};
		58B511F01A9E6C8500147676 /* Debug */ = {
			isa = XCBuildConfiguration;
			buildSettings = {
				HEADER_SEARCH_PATHS = (
					"$(inherited)",
					/Applications/Xcode.app/Contents/Developer/Toolchains/XcodeDefault.xctoolchain/usr/include,
					"$(SRCROOT)/../../../React/**",
					"$(SRCROOT)/../../react-native/React/**",
				);
				LIBRARY_SEARCH_PATHS = "$(inherited)";
				OTHER_LDFLAGS = "-ObjC";
				PRODUCT_NAME = RNContactsPicker;
				SKIP_INSTALL = YES;
			};
			name = Debug;
		};
		58B511F11A9E6C8500147676 /* Release */ = {
			isa = XCBuildConfiguration;
			buildSettings = {
				HEADER_SEARCH_PATHS = (
					"$(inherited)",
					/Applications/Xcode.app/Contents/Developer/Toolchains/XcodeDefault.xctoolchain/usr/include,
					"$(SRCROOT)/../../../React/**",
					"$(SRCROOT)/../../react-native/React/**",
				);
				LIBRARY_SEARCH_PATHS = "$(inherited)";
				OTHER_LDFLAGS = "-ObjC";
				PRODUCT_NAME = RNContactsPicker;
				SKIP_INSTALL = YES;
			};
			name = Release;
		};
/* End XCBuildConfiguration section */

/* Begin XCConfigurationList section */
		58B511D61A9E6C8500147676 /* Build configuration list for PBXProject "RNContactsPicker" */ = {
			isa = XCConfigurationList;
			buildConfigurations = (
				58B511ED1A9E6C8500147676 /* Debug */,
				58B511EE1A9E6C8500147676 /* Release */,
			);
			defaultConfigurationIsVisible = 0;
			defaultConfigurationName = Release;
		};
		58B511EF1A9E6C8500147676 /* Build configuration list for PBXNativeTarget "RNContactsPicker" */ = {
			isa = XCConfigurationList;
			buildConfigurations = (
				58B511F01A9E6C8500147676 /* Debug */,
				58B511F11A9E6C8500147676 /* Release */,
			);
			defaultConfigurationIsVisible = 0;
			defaultConfigurationName = Release;
		};
/* End XCConfigurationList section */
	};
	rootObject = 58B511D31A9E6C8500147676 /* Project object */;
}
